
Microsoft Visual Studio Solution File, Format Version 12.00
# Visual Studio Version 16
VisualStudioVersion = 16.0.29418.71
MinimumVisualStudioVersion = 10.0.40219.1
Project("{FAE04EC0-301F-11D3-BF4B-00C04F79EFBC}") = "TicTacToe", "TicTacToe\TicTacToe.csproj", "{556D6A67-0E53-4F08-A101-927B51721EB4}"
EndProject
Global
	GlobalSection(SolutionConfigurationPlatforms) = preSolution
		Debug|Any CPU = Debug|Any CPU
		Release|Any CPU = Release|Any CPU
	EndGlobalSection
	GlobalSection(ProjectConfigurationPlatforms) = postSolution
		{556D6A67-0E53-4F08-A101-927B51721EB4}.Debug|Any CPU.ActiveCfg = Debug|Any CPU
		{556D6A67-0E53-4F08-A101-927B51721EB4}.Debug|Any CPU.Build.0 = Debug|Any CPU
		{556D6A67-0E53-4F08-A101-927B51721EB4}.Release|Any CPU.ActiveCfg = Release|Any CPU
		{556D6A67-0E53-4F08-A101-927B51721EB4}.Release|Any CPU.Build.0 = Release|Any CPU
	EndGlobalSection
	GlobalSection(SolutionProperties) = preSolution
		HideSolutionNode = FALSE
	EndGlobalSection
	GlobalSection(ExtensibilityGlobals) = postSolution
		SolutionGuid = {BC700ED3-0013-4875-80B5-F76D4E417DF5}
	EndGlobalSection
EndGlobal
