
Microsoft Visual Studio Solution File, Format Version 12.00
# Visual Studio Version 16
VisualStudioVersion = 16.0.29418.71
MinimumVisualStudioVersion = 10.0.40219.1
Project("{FAE04EC0-301F-11D3-BF4B-00C04F79EFBC}") = "Task4", "Task4\Task4.csproj", "{7E2ED0CC-7D0B-4488-A9D8-F6C0FC11BEDF}"
EndProject
Project("{FAE04EC0-301F-11D3-BF4B-00C04F79EFBC}") = "Task4.Tests", "Task4.Tests\Task4.Tests.csproj", "{84773849-AA07-49A4-ADA6-1B84286F4089}"
EndProject
Global
	GlobalSection(SolutionConfigurationPlatforms) = preSolution
		Debug|Any CPU = Debug|Any CPU
		Release|Any CPU = Release|Any CPU
	EndGlobalSection
	GlobalSection(ProjectConfigurationPlatforms) = postSolution
		{7E2ED0CC-7D0B-4488-A9D8-F6C0FC11BEDF}.Debug|Any CPU.ActiveCfg = Debug|Any CPU
		{7E2ED0CC-7D0B-4488-A9D8-F6C0FC11BEDF}.Debug|Any CPU.Build.0 = Debug|Any CPU
		{7E2ED0CC-7D0B-4488-A9D8-F6C0FC11BEDF}.Release|Any CPU.ActiveCfg = Release|Any CPU
		{7E2ED0CC-7D0B-4488-A9D8-F6C0FC11BEDF}.Release|Any CPU.Build.0 = Release|Any CPU
		{84773849-AA07-49A4-ADA6-1B84286F4089}.Debug|Any CPU.ActiveCfg = Debug|Any CPU
		{84773849-AA07-49A4-ADA6-1B84286F4089}.Debug|Any CPU.Build.0 = Debug|Any CPU
		{84773849-AA07-49A4-ADA6-1B84286F4089}.Release|Any CPU.ActiveCfg = Release|Any CPU
		{84773849-AA07-49A4-ADA6-1B84286F4089}.Release|Any CPU.Build.0 = Release|Any CPU
	EndGlobalSection
	GlobalSection(SolutionProperties) = preSolution
		HideSolutionNode = FALSE
	EndGlobalSection
	GlobalSection(ExtensibilityGlobals) = postSolution
		SolutionGuid = {6ECC7074-6FCD-4A02-AAD1-0E257651DCDF}
	EndGlobalSection
EndGlobal
