
Microsoft Visual Studio Solution File, Format Version 12.00
# Visual Studio Version 16
VisualStudioVersion = 16.0.29418.71
MinimumVisualStudioVersion = 10.0.40219.1
Project("{FAE04EC0-301F-11D3-BF4B-00C04F79EFBC}") = "Task7", "Task7\Task7.csproj", "{93EA9618-0B0F-4BA9-99ED-E4B1C0288FD9}"
EndProject
Project("{FAE04EC0-301F-11D3-BF4B-00C04F79EFBC}") = "Task6", "..\Task6\Task6\Task6.csproj", "{4D5E441B-F565-4B93-9568-DB494C6AE2CE}"
EndProject
Project("{FAE04EC0-301F-11D3-BF4B-00C04F79EFBC}") = "Task4", "..\Task4\Task4\Task4.csproj", "{7E2ED0CC-7D0B-4488-A9D8-F6C0FC11BEDF}"
EndProject
Global
	GlobalSection(SolutionConfigurationPlatforms) = preSolution
		Debug|Any CPU = Debug|Any CPU
		Release|Any CPU = Release|Any CPU
	EndGlobalSection
	GlobalSection(ProjectConfigurationPlatforms) = postSolution
		{93EA9618-0B0F-4BA9-99ED-E4B1C0288FD9}.Debug|Any CPU.ActiveCfg = Debug|Any CPU
		{93EA9618-0B0F-4BA9-99ED-E4B1C0288FD9}.Debug|Any CPU.Build.0 = Debug|Any CPU
		{93EA9618-0B0F-4BA9-99ED-E4B1C0288FD9}.Release|Any CPU.ActiveCfg = Release|Any CPU
		{93EA9618-0B0F-4BA9-99ED-E4B1C0288FD9}.Release|Any CPU.Build.0 = Release|Any CPU
		{4D5E441B-F565-4B93-9568-DB494C6AE2CE}.Debug|Any CPU.ActiveCfg = Debug|Any CPU
		{4D5E441B-F565-4B93-9568-DB494C6AE2CE}.Debug|Any CPU.Build.0 = Debug|Any CPU
		{4D5E441B-F565-4B93-9568-DB494C6AE2CE}.Release|Any CPU.ActiveCfg = Release|Any CPU
		{4D5E441B-F565-4B93-9568-DB494C6AE2CE}.Release|Any CPU.Build.0 = Release|Any CPU
		{7E2ED0CC-7D0B-4488-A9D8-F6C0FC11BEDF}.Debug|Any CPU.ActiveCfg = Debug|Any CPU
		{7E2ED0CC-7D0B-4488-A9D8-F6C0FC11BEDF}.Debug|Any CPU.Build.0 = Debug|Any CPU
		{7E2ED0CC-7D0B-4488-A9D8-F6C0FC11BEDF}.Release|Any CPU.ActiveCfg = Release|Any CPU
		{7E2ED0CC-7D0B-4488-A9D8-F6C0FC11BEDF}.Release|Any CPU.Build.0 = Release|Any CPU
	EndGlobalSection
	GlobalSection(SolutionProperties) = preSolution
		HideSolutionNode = FALSE
	EndGlobalSection
	GlobalSection(ExtensibilityGlobals) = postSolution
		SolutionGuid = {D7AD3E57-490D-4D5F-86B5-13E72605EC98}
	EndGlobalSection
EndGlobal
